
Microsoft Visual Studio Solution File, Format Version 12.00
# Visual Studio 15
VisualStudioVersion = 15.0.26124.0
MinimumVisualStudioVersion = 15.0.26124.0
Project("{2150E333-8FDC-42A3-9474-1A3956D46DE8}") = "src", "src", "{9300DCAC-331B-4D41-B807-0831D7EA50C0}"
EndProject
Project("{FAE04EC0-301F-11D3-BF4B-00C04F79EFBC}") = "CauchyQuantile", "src\CauchyQuantile\CauchyQuantile.csproj", "{EACCF9EA-F3E0-4515-88D0-43BBE57FA03E}"
EndProject
Project("{2150E333-8FDC-42A3-9474-1A3956D46DE8}") = "tests", "tests", "{43C1C267-2FEC-4F58-92E8-6F8148336246}"
EndProject
Project("{FAE04EC0-301F-11D3-BF4B-00C04F79EFBC}") = "CauchyQuantile.Tests", "tests\CauchyQuantile.Tests\CauchyQuantile.Tests.csproj", "{D8141281-D477-45EA-A4A1-15F442F68219}"
EndProject
Global
	GlobalSection(SolutionConfigurationPlatforms) = preSolution
		Debug|Any CPU = Debug|Any CPU
		Debug|x64 = Debug|x64
		Debug|x86 = Debug|x86
		Release|Any CPU = Release|Any CPU
		Release|x64 = Release|x64
		Release|x86 = Release|x86
	EndGlobalSection
	GlobalSection(SolutionProperties) = preSolution
		HideSolutionNode = FALSE
	EndGlobalSection
	GlobalSection(ProjectConfigurationPlatforms) = postSolution
		{EACCF9EA-F3E0-4515-88D0-43BBE57FA03E}.Debug|Any CPU.ActiveCfg = Debug|Any CPU
		{EACCF9EA-F3E0-4515-88D0-43BBE57FA03E}.Debug|Any CPU.Build.0 = Debug|Any CPU
		{EACCF9EA-F3E0-4515-88D0-43BBE57FA03E}.Debug|x64.ActiveCfg = Debug|Any CPU
		{EACCF9EA-F3E0-4515-88D0-43BBE57FA03E}.Debug|x64.Build.0 = Debug|Any CPU
		{EACCF9EA-F3E0-4515-88D0-43BBE57FA03E}.Debug|x86.ActiveCfg = Debug|Any CPU
		{EACCF9EA-F3E0-4515-88D0-43BBE57FA03E}.Debug|x86.Build.0 = Debug|Any CPU
		{EACCF9EA-F3E0-4515-88D0-43BBE57FA03E}.Release|Any CPU.ActiveCfg = Release|Any CPU
		{EACCF9EA-F3E0-4515-88D0-43BBE57FA03E}.Release|Any CPU.Build.0 = Release|Any CPU
		{EACCF9EA-F3E0-4515-88D0-43BBE57FA03E}.Release|x64.ActiveCfg = Release|Any CPU
		{EACCF9EA-F3E0-4515-88D0-43BBE57FA03E}.Release|x64.Build.0 = Release|Any CPU
		{EACCF9EA-F3E0-4515-88D0-43BBE57FA03E}.Release|x86.ActiveCfg = Release|Any CPU
		{EACCF9EA-F3E0-4515-88D0-43BBE57FA03E}.Release|x86.Build.0 = Release|Any CPU
		{D8141281-D477-45EA-A4A1-15F442F68219}.Debug|Any CPU.ActiveCfg = Debug|Any CPU
		{D8141281-D477-45EA-A4A1-15F442F68219}.Debug|Any CPU.Build.0 = Debug|Any CPU
		{D8141281-D477-45EA-A4A1-15F442F68219}.Debug|x64.ActiveCfg = Debug|Any CPU
		{D8141281-D477-45EA-A4A1-15F442F68219}.Debug|x64.Build.0 = Debug|Any CPU
		{D8141281-D477-45EA-A4A1-15F442F68219}.Debug|x86.ActiveCfg = Debug|Any CPU
		{D8141281-D477-45EA-A4A1-15F442F68219}.Debug|x86.Build.0 = Debug|Any CPU
		{D8141281-D477-45EA-A4A1-15F442F68219}.Release|Any CPU.ActiveCfg = Release|Any CPU
		{D8141281-D477-45EA-A4A1-15F442F68219}.Release|Any CPU.Build.0 = Release|Any CPU
		{D8141281-D477-45EA-A4A1-15F442F68219}.Release|x64.ActiveCfg = Release|Any CPU
		{D8141281-D477-45EA-A4A1-15F442F68219}.Release|x64.Build.0 = Release|Any CPU
		{D8141281-D477-45EA-A4A1-15F442F68219}.Release|x86.ActiveCfg = Release|Any CPU
		{D8141281-D477-45EA-A4A1-15F442F68219}.Release|x86.Build.0 = Release|Any CPU
	EndGlobalSection
	GlobalSection(NestedProjects) = preSolution
		{EACCF9EA-F3E0-4515-88D0-43BBE57FA03E} = {9300DCAC-331B-4D41-B807-0831D7EA50C0}
		{D8141281-D477-45EA-A4A1-15F442F68219} = {43C1C267-2FEC-4F58-92E8-6F8148336246}
	EndGlobalSection
EndGlobal
